
Microsoft Visual Studio Solution File, Format Version 12.00
# Visual Studio Version 16
VisualStudioVersion = 16.0.31702.278
MinimumVisualStudioVersion = 10.0.40219.1
Project("{FAE04EC0-301F-11D3-BF4B-00C04F79EFBC}") = "Bussines", "Bussines\Bussines.csproj", "{C0462F4F-2866-45BB-B6A2-D396A9FD7AB1}"
EndProject
Project("{FAE04EC0-301F-11D3-BF4B-00C04F79EFBC}") = "DataAccess", "DataAccess\DataAccess.csproj", "{5E27BA09-497E-4262-A34D-346446C673D5}"
EndProject
Project("{FAE04EC0-301F-11D3-BF4B-00C04F79EFBC}") = "Entities", "Entities\Entities.csproj", "{731E4EA6-980A-48A4-A649-065EB5B0CA64}"
EndProject
Project("{FAE04EC0-301F-11D3-BF4B-00C04F79EFBC}") = "WebAPI", "WebAPI\WebAPI.csproj", "{B8136A00-1A3A-4663-B4ED-1B03AD5AFF99}"
EndProject
Project("{FAE04EC0-301F-11D3-BF4B-00C04F79EFBC}") = "WebAPIWithWindowsForm", "WebAPIWithWindowsForm\WebAPIWithWindowsForm.csproj", "{C3A552CB-87CD-4255-891C-9CCC73D7CE5C}"
EndProject
Project("{FAE04EC0-301F-11D3-BF4B-00C04F79EFBC}") = "WebAPIWithWindowsMvc", "WebAPIWithWindowsMvc\WebAPIWithWindowsMvc.csproj", "{943C3C87-70F1-48B9-A6F3-26B3D86B0B15}"
EndProject
Global
	GlobalSection(SolutionConfigurationPlatforms) = preSolution
		Debug|Any CPU = Debug|Any CPU
		Release|Any CPU = Release|Any CPU
	EndGlobalSection
	GlobalSection(ProjectConfigurationPlatforms) = postSolution
		{C0462F4F-2866-45BB-B6A2-D396A9FD7AB1}.Debug|Any CPU.ActiveCfg = Debug|Any CPU
		{C0462F4F-2866-45BB-B6A2-D396A9FD7AB1}.Debug|Any CPU.Build.0 = Debug|Any CPU
		{C0462F4F-2866-45BB-B6A2-D396A9FD7AB1}.Release|Any CPU.ActiveCfg = Release|Any CPU
		{C0462F4F-2866-45BB-B6A2-D396A9FD7AB1}.Release|Any CPU.Build.0 = Release|Any CPU
		{5E27BA09-497E-4262-A34D-346446C673D5}.Debug|Any CPU.ActiveCfg = Debug|Any CPU
		{5E27BA09-497E-4262-A34D-346446C673D5}.Debug|Any CPU.Build.0 = Debug|Any CPU
		{5E27BA09-497E-4262-A34D-346446C673D5}.Release|Any CPU.ActiveCfg = Release|Any CPU
		{5E27BA09-497E-4262-A34D-346446C673D5}.Release|Any CPU.Build.0 = Release|Any CPU
		{731E4EA6-980A-48A4-A649-065EB5B0CA64}.Debug|Any CPU.ActiveCfg = Debug|Any CPU
		{731E4EA6-980A-48A4-A649-065EB5B0CA64}.Debug|Any CPU.Build.0 = Debug|Any CPU
		{731E4EA6-980A-48A4-A649-065EB5B0CA64}.Release|Any CPU.ActiveCfg = Release|Any CPU
		{731E4EA6-980A-48A4-A649-065EB5B0CA64}.Release|Any CPU.Build.0 = Release|Any CPU
		{B8136A00-1A3A-4663-B4ED-1B03AD5AFF99}.Debug|Any CPU.ActiveCfg = Debug|Any CPU
		{B8136A00-1A3A-4663-B4ED-1B03AD5AFF99}.Debug|Any CPU.Build.0 = Debug|Any CPU
		{B8136A00-1A3A-4663-B4ED-1B03AD5AFF99}.Release|Any CPU.ActiveCfg = Release|Any CPU
		{B8136A00-1A3A-4663-B4ED-1B03AD5AFF99}.Release|Any CPU.Build.0 = Release|Any CPU
		{C3A552CB-87CD-4255-891C-9CCC73D7CE5C}.Debug|Any CPU.ActiveCfg = Debug|Any CPU
		{C3A552CB-87CD-4255-891C-9CCC73D7CE5C}.Debug|Any CPU.Build.0 = Debug|Any CPU
		{C3A552CB-87CD-4255-891C-9CCC73D7CE5C}.Release|Any CPU.ActiveCfg = Release|Any CPU
		{C3A552CB-87CD-4255-891C-9CCC73D7CE5C}.Release|Any CPU.Build.0 = Release|Any CPU
		{943C3C87-70F1-48B9-A6F3-26B3D86B0B15}.Debug|Any CPU.ActiveCfg = Debug|Any CPU
		{943C3C87-70F1-48B9-A6F3-26B3D86B0B15}.Debug|Any CPU.Build.0 = Debug|Any CPU
		{943C3C87-70F1-48B9-A6F3-26B3D86B0B15}.Release|Any CPU.ActiveCfg = Release|Any CPU
		{943C3C87-70F1-48B9-A6F3-26B3D86B0B15}.Release|Any CPU.Build.0 = Release|Any CPU
	EndGlobalSection
	GlobalSection(SolutionProperties) = preSolution
		HideSolutionNode = FALSE
	EndGlobalSection
	GlobalSection(ExtensibilityGlobals) = postSolution
		SolutionGuid = {41067220-62A0-4878-8030-20AD379380D8}
	EndGlobalSection
EndGlobal
